{
	"name": "angular-md-dashboard",
	"version": "1.0.0",
	"lockfileVersion": 1,
	"requires": true,
	"dependencies": {
		"@angular/animations": {
			"version": "4.3.4",
			"resolved": "https://registry.npmjs.org/@angular/animations/-/animations-4.3.4.tgz",
			"integrity": "sha1-Ascms7cK49LhVXBMjGDpuvAVR+8="
		},
		"@angular/common": {
			"version": "4.3.4",
			"resolved": "https://registry.npmjs.org/@angular/common/-/common-4.3.4.tgz",
			"integrity": "sha1-mPt9bo2mM7pWhE1cAJhspAeuqVA="
		},
		"@angular/compiler": {
			"version": "4.3.4",
			"resolved": "https://registry.npmjs.org/@angular/compiler/-/compiler-4.3.4.tgz",
			"integrity": "sha1-mxaueF8iuRiqFo2wVVwFMEuvnXc="
		},
		"@angular/compiler-cli": {
			"version": "4.3.4",
			"resolved": "https://registry.npmjs.org/@angular/compiler-cli/-/compiler-cli-4.3.4.tgz",
			"integrity": "sha1-PRbshpw59KyhjKxx3PEYqA9iCOY="
		},
		"@angular/core": {
			"version": "4.3.4",
			"resolved": "https://registry.npmjs.org/@angular/core/-/core-4.3.4.tgz",
			"integrity": "sha1-Qt2ARmAPWggKThISEWsS/pe8/LQ="
		},
		"@angular/forms": {
			"version": "4.3.4",
			"resolved": "https://registry.npmjs.org/@angular/forms/-/forms-4.3.4.tgz",
			"integrity": "sha1-V/oHt7+RA/G5SPv+TP7TFAksnpY="
		},
		"@angular/http": {
			"version": "4.3.4",
			"resolved": "https://registry.npmjs.org/@angular/http/-/http-4.3.4.tgz",
			"integrity": "sha1-diy3wDIFn0Hf0FU/V06c4NXswKk="
		},
		"@angular/material": {
			"version": "2.0.0-beta.6",
			"resolved": "https://registry.npmjs.org/@angular/material/-/material-2.0.0-beta.6.tgz",
			"integrity": "sha1-g7/fAPVAqMfbkAoee47Sz/Sd+CE="
		},
		"@angular/platform-browser": {
			"version": "4.3.4",
			"resolved": "https://registry.npmjs.org/@angular/platform-browser/-/platform-browser-4.3.4.tgz",
			"integrity": "sha1-3t6P8xRBokUvIC7XmKCCLrxakVM="
		},
		"@angular/platform-browser-dynamic": {
			"version": "4.3.4",
			"resolved": "https://registry.npmjs.org/@angular/platform-browser-dynamic/-/platform-browser-dynamic-4.3.4.tgz",
			"integrity": "sha1-v3uEHy/I0g7+dW/h5QqgKMletXw="
		},
		"@angular/router": {
			"version": "4.3.4",
			"resolved": "https://registry.npmjs.org/@angular/router/-/router-4.3.4.tgz",
			"integrity": "sha1-IGWI/sRm+DonaL11bFZkZRCR5Hc="
		},
		"@types/chalk": {
			"version": "0.4.31",
			"resolved": "https://registry.npmjs.org/@types/chalk/-/chalk-0.4.31.tgz",
			"integrity": "sha1-ox10JBprHtu5c8822XooloNKUfk=",
			"dev": true
		},
		"@types/chartist": {
			"version": "0.9.35",
			"resolved": "https://registry.npmjs.org/@types/chartist/-/chartist-0.9.35.tgz",
			"integrity": "sha512-sQvB3aq4bbvSzANG30MfPF7fr3JMrWmhazATQwuZZxOmqgaTdAkbuQh7isBvsELbXqAxSSxNmJwmjnnssV2wxg==",
			"dev": true
		},
		"@types/jasmine": {
			"version": "2.5.53",
			"resolved": "https://registry.npmjs.org/@types/jasmine/-/jasmine-2.5.53.tgz",
			"integrity": "sha512-2YNL0jXYuN7w07mb1sMZQ6T6zOvGi83v8UbjhBZ8mhvI1VkQ2STU9XOrTFyvWswMyh5rW1evS+e7qltYJvTqPA==",
			"dev": true
		},
		"@types/jest": {
			"version": "20.0.7",
			"resolved": "https://registry.npmjs.org/@types/jest/-/jest-20.0.7.tgz",
			"integrity": "sha512-Z+PeT/6aDDYvaDWxyDKdsYJsUKM0ycIRXn3E8aA6TOqAXkEbpHBAqDcL5nX/dJ07wr5/cBym21fro+zS0ycMNA==",
			"dev": true
		},
		"@types/lodash-es": {
			"version": "4.14.6",
			"resolved": "https://registry.npmjs.org/@types/lodash-es/-/lodash-es-4.14.6.tgz",
			"integrity": "sha512-BeGcx/zC8Z37el3Y/IbAB5Lj2xrijEtDxtnniPETb/1qVwSGp9JeXN2/xxOtoPa/pB8PuEvXk43dDXpLjZCgmQ==",
			"dev": true
		},
		"@types/webpack": {
			"version": "2.2.16",
			"resolved": "https://registry.npmjs.org/@types/webpack/-/webpack-2.2.16.tgz",
			"integrity": "sha512-RWL7Qrf9dE2Y3SPR8FZ2ATIJzKzvzvpfAhXs2A+2YpAYufoBqc94766Dv7TLB8zj7P6NK8t4KMrGNnYFJGKGiQ==",
			"dev": true
		},
		"add-asset-html-webpack-plugin": {
			"version": "2.1.0",
			"resolved": "https://registry.npmjs.org/add-asset-html-webpack-plugin/-/add-asset-html-webpack-plugin-2.1.0.tgz",
			"integrity": "sha512-9jrhXL/d5X0LWAHgp63M6Auax6a6ZDPezTxaXafNVapFUPEFdnz9OLZl18hXIyEoBiE+dTZjQnPKQBgGUOeyog==",
			"dev": true
		},
		"ag-grid": {
			"version": "11.0.0",
			"resolved": "https://registry.npmjs.org/ag-grid/-/ag-grid-11.0.0.tgz",
			"integrity": "sha1-hCgX3e4cGfDv/z7dRkY+UhBY/hQ="
		},
		"ag-grid-angular": {
			"version": "11.0.0",
			"resolved": "https://registry.npmjs.org/ag-grid-angular/-/ag-grid-angular-11.0.0.tgz",
			"integrity": "sha1-6EYmJO1Jf975vvIc/SvCgpOvwBI="
		},
		"babel-core": {
			"version": "6.25.0",
			"resolved": "https://registry.npmjs.org/babel-core/-/babel-core-6.25.0.tgz",
			"integrity": "sha1-fdQrBGPHQunVKW3rPsZ6kyLa1yk=",
			"dev": true
		},
		"babel-loader": {
			"version": "7.1.1",
			"resolved": "https://registry.npmjs.org/babel-loader/-/babel-loader-7.1.1.tgz",
			"integrity": "sha1-uHE0yLEuPkwqlOBUYIW8aAorhIg=",
			"dev": true
		},
		"babel-plugin-transform-runtime": {
			"version": "6.23.0",
			"resolved": "https://registry.npmjs.org/babel-plugin-transform-runtime/-/babel-plugin-transform-runtime-6.23.0.tgz",
			"integrity": "sha1-iEkNRGUC6puOfvsP4J7E2ZR5se4=",
			"dev": true
		},
		"babel-preset-angular2": {
			"version": "0.0.2",
			"resolved": "https://registry.npmjs.org/babel-preset-angular2/-/babel-preset-angular2-0.0.2.tgz",
			"integrity": "sha1-qUQyFer9zJ8BKsIr8hccnUPIsiE=",
			"dev": true
		},
		"babel-preset-env": {
			"version": "1.6.0",
			"resolved": "https://registry.npmjs.org/babel-preset-env/-/babel-preset-env-1.6.0.tgz",
			"integrity": "sha512-OVgtQRuOZKckrILgMA5rvctvFZPv72Gua9Rt006AiPoB0DJKGN07UmaQA+qRrYgK71MVct8fFhT0EyNWYorVew==",
			"dev": true
		},
		"babel-runtime": {
			"version": "6.25.0",
			"resolved": "https://registry.npmjs.org/babel-runtime/-/babel-runtime-6.25.0.tgz",
			"integrity": "sha1-M7mOql1IK7AajRqmtDetKwGuxBw="
		},
		"chartist": {
			"version": "0.11.0",
			"resolved": "https://registry.npmjs.org/chartist/-/chartist-0.11.0.tgz",
			"integrity": "sha1-hLpeBUkNCW2T3PqTQ+vDHvajvSg="
		},
		"circular-json": {
			"version": "0.3.3",
			"resolved": "https://registry.npmjs.org/circular-json/-/circular-json-0.3.3.tgz",
			"integrity": "sha512-UZK3NBx2Mca+b5LsG7bY183pHWt5Y1xts4P3Pz7ENTwGVnJOUWbRb3ocjvX7hx9tq/yTAdclXm9sZ38gNuem4A==",
			"dev": true
		},
		"compression-webpack-plugin": {
			"version": "1.0.0",
			"resolved": "https://registry.npmjs.org/compression-webpack-plugin/-/compression-webpack-plugin-1.0.0.tgz",
			"integrity": "sha512-OPp+tvvMCd8FrJHDLG4v5EpP4Fe5w5uBNXOmc3K7SdBaK1FH+TGwtafG9GLgTI6c2WHIgDFt98T8qXwaXuyRnw==",
			"dev": true
		},
		"core-js": {
			"version": "2.5.0",
			"resolved": "https://registry.npmjs.org/core-js/-/core-js-2.5.0.tgz",
			"integrity": "sha1-VpwFCRi+ZIazg3VSAorgRmtxcIY="
		},
		"cross-env": {
			"version": "5.0.5",
			"resolved": "https://registry.npmjs.org/cross-env/-/cross-env-5.0.5.tgz",
			"integrity": "sha1-Q4PTZNlmCHPdGFs5ivO/717//vM=",
			"dev": true
		},
		"css-loader": {
			"version": "0.28.4",
			"resolved": "https://registry.npmjs.org/css-loader/-/css-loader-0.28.4.tgz",
			"integrity": "sha1-bPNXkZLONV6LONX0Ldeh8uyJjQ8=",
			"dev": true,
			"dependencies": {
				"source-list-map": {
					"version": "0.1.8",
					"resolved": "https://registry.npmjs.org/source-list-map/-/source-list-map-0.1.8.tgz",
					"integrity": "sha1-xVCyq1Qn9rPyH1r+rYjE9Vh7IQY="
				}
			}
		},
		"custom-tslint-formatters": {
			"version": "2.1.1",
			"resolved": "https://registry.npmjs.org/custom-tslint-formatters/-/custom-tslint-formatters-2.1.1.tgz",
			"integrity": "sha1-ibR/KCpy5thjPL+cj/hwQFPCIoI=",
			"dev": true
		},
		"extract-loader": {
			"version": "1.0.0",
			"resolved": "https://registry.npmjs.org/extract-loader/-/extract-loader-1.0.0.tgz",
			"integrity": "sha512-NEWbK3OHP2csbg35pXPbnRP8rmSxSSisROK+SN2m+UloWL5COgtj+/YuX4o6KSK3PLYFNdF6j3BxyboCbSvSMg==",
			"dev": true
		},
		"extract-text-webpack-plugin": {
			"version": "2.1.2",
			"resolved": "https://registry.npmjs.org/extract-text-webpack-plugin/-/extract-text-webpack-plugin-2.1.2.tgz",
			"integrity": "sha1-dW7076gVXDaBgz+8NNpTuUF0bWw=",
			"dev": true
		},
		"file-loader": {
			"version": "0.11.2",
			"resolved": "https://registry.npmjs.org/file-loader/-/file-loader-0.11.2.tgz",
			"integrity": "sha512-N+uhF3mswIFeziHQjGScJ/yHXYt3DiLBeC+9vWW+WjUBiClMSOlV1YrXQi+7KM2aA3Rn4Bybgv+uXFQbfkzpvg==",
			"dev": true
		},
		"fork-ts-checker-webpack-plugin": {
			"version": "0.2.7",
			"resolved": "https://registry.npmjs.org/fork-ts-checker-webpack-plugin/-/fork-ts-checker-webpack-plugin-0.2.7.tgz",
			"integrity": "sha1-T9zyRavR5/lxZYyBbs1eKNPPRnA=",
			"dev": true
		},
		"friendly-errors-webpack-plugin": {
			"version": "1.6.1",
			"resolved": "https://registry.npmjs.org/friendly-errors-webpack-plugin/-/friendly-errors-webpack-plugin-1.6.1.tgz",
			"integrity": "sha1-4yeBxHIvVGoGqbXXp8+ihSA3XXA=",
			"dev": true
		},
		"hammerjs": {
			"version": "2.0.8",
			"resolved": "https://registry.npmjs.org/hammerjs/-/hammerjs-2.0.8.tgz",
			"integrity": "sha1-BO93hiz/K7edMPdpIJWTAiK/YPE="
		},
		"html-webpack-plugin": {
			"version": "2.30.1",
			"resolved": "https://registry.npmjs.org/html-webpack-plugin/-/html-webpack-plugin-2.30.1.tgz",
			"integrity": "sha1-f5xCG36pHsRg9WUn1430hO51N9U=",
			"dev": true,
			"dependencies": {
				"loader-utils": {
					"version": "0.2.17",
					"resolved": "https://registry.npmjs.org/loader-utils/-/loader-utils-0.2.17.tgz",
					"integrity": "sha1-+G5jdNQyBabmxg6RlvF8Apm/s0g="
				}
			}
		},
		"http-server": {
			"version": "0.10.0",
			"resolved": "https://registry.npmjs.org/http-server/-/http-server-0.10.0.tgz",
			"integrity": "sha1-sqRGsWqduH7TxiK6m+sbCFsSNKc=",
			"dev": true,
			"dependencies": {
				"colors": {
					"version": "1.0.3",
					"resolved": "https://registry.npmjs.org/colors/-/colors-1.0.3.tgz",
					"integrity": "sha1-BDP0TYCWgP3rYO0mDxsMJi6CpAs="
				}
			}
		},
		"identity-obj-proxy": {
			"version": "3.0.0",
			"resolved": "https://registry.npmjs.org/identity-obj-proxy/-/identity-obj-proxy-3.0.0.tgz",
			"integrity": "sha1-lNK9qWCERT7zb7xarsN+D3nx/BQ=",
			"dev": true
		},
		"imports-loader": {
			"version": "0.7.1",
			"resolved": "https://registry.npmjs.org/imports-loader/-/imports-loader-0.7.1.tgz",
			"integrity": "sha1-8gS180cCoywdt9SNidXoZ6BEElM=",
			"dev": true
		},
		"istanbul-instrumenter-loader": {
			"version": "3.0.0",
			"resolved": "https://registry.npmjs.org/istanbul-instrumenter-loader/-/istanbul-instrumenter-loader-3.0.0.tgz",
			"integrity": "sha512-alLSEFX06ApU75sm5oWcaVNaiss/bgMRiWTct3g0P0ZZTKjR+6QiCcuVOKDI1kWJgwHEnIXsv/dWm783kPpmtw==",
			"dev": true
		},
		"jasmine-core": {
			"version": "2.7.0",
			"resolved": "https://registry.npmjs.org/jasmine-core/-/jasmine-core-2.7.0.tgz",
			"integrity": "sha1-UP+MT5LY71wLLBuEbdJj7YUVIJE=",
			"dev": true
		},
		"jest": {
			"version": "20.0.4",
			"resolved": "https://registry.npmjs.org/jest/-/jest-20.0.4.tgz",
			"integrity": "sha1-PdJgwpidba1nix6cxNkZRPbWAqw=",
			"dev": true,
			"dependencies": {
				"jest-cli": {
					"version": "20.0.4",
					"resolved": "https://registry.npmjs.org/jest-cli/-/jest-cli-20.0.4.tgz",
					"integrity": "sha1-5TKxnYiuW8bEF+iwWTpv6VSx3JM="
				}
			}
		},
		"jest-preset-angular": {
			"version": "2.0.5",
			"resolved": "https://registry.npmjs.org/jest-preset-angular/-/jest-preset-angular-2.0.5.tgz",
			"integrity": "sha512-jQD0lHgJ3MfG/woIzmOlYfZ6wA+eo34ZjTthT3eRW4Zi41WgXrzs1NETsq6xadvjcX9Ho1Q1Tg6+SNOC4v5Jew==",
			"dev": true
		},
		"karma": {
			"version": "1.7.0",
			"resolved": "https://registry.npmjs.org/karma/-/karma-1.7.0.tgz",
			"integrity": "sha1-b3oaQGRG+i4YfslTmGmPTO5HYmk=",
			"dev": true
		},
		"karma-chrome-launcher": {
			"version": "2.2.0",
			"resolved": "https://registry.npmjs.org/karma-chrome-launcher/-/karma-chrome-launcher-2.2.0.tgz",
			"integrity": "sha512-uf/ZVpAabDBPvdPdveyk1EPgbnloPvFFGgmRhYLTDH7gEB4nZdSBk8yTU47w1g/drLSx5uMOkjKk7IWKfWg/+w==",
			"dev": true
		},
		"karma-coverage": {
			"version": "1.1.1",
			"resolved": "https://registry.npmjs.org/karma-coverage/-/karma-coverage-1.1.1.tgz",
			"integrity": "sha1-Wv+LOc9plNwi3kyENix2ABtjfPY=",
			"dev": true
		},
		"karma-jasmine": {
			"version": "1.1.0",
			"resolved": "https://registry.npmjs.org/karma-jasmine/-/karma-jasmine-1.1.0.tgz",
			"integrity": "sha1-IuTAa/mhguUpTR9wXjczgRuBCs8=",
			"dev": true
		},
		"karma-mocha-reporter": {
			"version": "2.2.3",
			"resolved": "https://registry.npmjs.org/karma-mocha-reporter/-/karma-mocha-reporter-2.2.3.tgz",
			"integrity": "sha1-BP3aRaHZaXpzhxx0ciI8WBcBqyA=",
			"dev": true
		},
		"karma-phantomjs-launcher": {
			"version": "1.0.4",
			"resolved": "https://registry.npmjs.org/karma-phantomjs-launcher/-/karma-phantomjs-launcher-1.0.4.tgz",
			"integrity": "sha1-0jyjSAG9qYY60xjju0vUBisTrNI=",
			"dev": true
		},
		"karma-remap-coverage": {
			"version": "0.1.4",
			"resolved": "https://registry.npmjs.org/karma-remap-coverage/-/karma-remap-coverage-0.1.4.tgz",
			"integrity": "sha1-Kf7/JaoVllXMNHWGvPSiAFkbOyg=",
			"dev": true
		},
		"karma-sourcemap-loader": {
			"version": "0.3.7",
			"resolved": "https://registry.npmjs.org/karma-sourcemap-loader/-/karma-sourcemap-loader-0.3.7.tgz",
			"integrity": "sha1-kTIsd/jxPUb+0GKwQuEAnUxFBdg=",
			"dev": true
		},
		"karma-webpack": {
			"version": "2.0.4",
			"resolved": "https://registry.npmjs.org/karma-webpack/-/karma-webpack-2.0.4.tgz",
			"integrity": "sha1-Pi1PSLqUqHjhxmu44a5hKJh6F1s=",
			"dev": true,
			"dependencies": {
				"async": {
					"version": "0.9.2",
					"resolved": "https://registry.npmjs.org/async/-/async-0.9.2.tgz",
					"integrity": "sha1-rqdNXmHB+JlhO/ZL2mbUx48v0X0="
				},
				"loader-utils": {
					"version": "0.2.17",
					"resolved": "https://registry.npmjs.org/loader-utils/-/loader-utils-0.2.17.tgz",
					"integrity": "sha1-+G5jdNQyBabmxg6RlvF8Apm/s0g="
				},
				"source-map": {
					"version": "0.1.43",
					"resolved": "https://registry.npmjs.org/source-map/-/source-map-0.1.43.tgz",
					"integrity": "sha1-wkvBRspRfBRx9drL4lcbK3+eM0Y="
				}
			}
		},
		"loader-utils": {
			"version": "1.1.0",
			"resolved": "https://registry.npmjs.org/loader-utils/-/loader-utils-1.1.0.tgz",
			"integrity": "sha1-yYrvSIvM7aL/teLeZG1qdUQp9c0=",
			"dev": true
		},
		"lodash": {
			"version": "4.17.21",
			"resolved": "https://registry.npmjs.org/lodash/-/lodash-4.17.21.tgz",
			"integrity": "sha512-v2kDEe57lecTulaDIuNTPy3Ry4gLGJ6Z1O3vE1krgXZNrsQ+LFTGHVxVjcXPs17LhbZVGedAJv8XZ1tvj5FvSg==",
			"dev": true
		},
		"lodash-es": {
			"version": "4.17.4",
			"resolved": "https://registry.npmjs.org/lodash-es/-/lodash-es-4.17.4.tgz",
			"integrity": "sha1-3MHXVS4VCgZABzupyzHXDwMpUOc="
		},
		"moment": {
			"version": "2.19.3",
			"resolved": "https://registry.npmjs.org/moment/-/moment-2.19.3.tgz",
			"integrity": "sha1-vbmdJw1tf9p4zA+6zoVeJ/59pp8="
		},
		"ng-chartist": {
			"version": "1.1.1",
			"resolved": "https://registry.npmjs.org/ng-chartist/-/ng-chartist-1.1.1.tgz",
			"integrity": "sha512-mU5DwboF8Rdth5OTLOamuuGyvwqfhSsXzjtkztmdLL+0YwtTzpY9PJOxljf7Ui61B+2vaLqumxjrEOWZyl0QYg=="
		},
		"ng-pick-datetime": {
			"version": "4.3.2",
			"resolved": "https://registry.npmjs.org/ng-pick-datetime/-/ng-pick-datetime-4.3.2.tgz",
			"integrity": "sha1-hQHQpq7+QyWGvtTpVUZ0zdB+3pI="
		},
		"ng-router-loader": {
			"version": "2.1.0",
			"resolved": "https://registry.npmjs.org/ng-router-loader/-/ng-router-loader-2.1.0.tgz",
			"integrity": "sha1-eiU4Y9DX/egEVk85di69f3ivyOk=",
			"dev": true,
			"dependencies": {
				"loader-utils": {
					"version": "0.2.17",
					"resolved": "https://registry.npmjs.org/loader-utils/-/loader-utils-0.2.17.tgz",
					"integrity": "sha1-+G5jdNQyBabmxg6RlvF8Apm/s0g="
				}
			}
		},
		"ng2-file-upload": {
			"version": "1.2.1",
			"resolved": "https://registry.npmjs.org/ng2-file-upload/-/ng2-file-upload-1.2.1.tgz",
			"integrity": "sha1-VWPF39b0P7++gVwgbjQ0ZKCmoZc="
		},
		"ng2-simple-timer": {
			"version": "1.3.1",
			"resolved": "https://registry.npmjs.org/ng2-simple-timer/-/ng2-simple-timer-1.3.1.tgz",
			"integrity": "sha1-5cWn4I3J2hFac4AP/UDUIQlzyJs="
		},
		"node-sass": {
			"version": "4.5.3",
			"resolved": "https://registry.npmjs.org/node-sass/-/node-sass-4.5.3.tgz",
			"integrity": "sha1-0JydEXlkEjnRuX/8YjH9zsU+FWg=",
			"dev": true,
			"dependencies": {
				"cross-spawn": {
					"version": "3.0.1",
					"resolved": "https://registry.npmjs.org/cross-spawn/-/cross-spawn-3.0.1.tgz",
					"integrity": "sha1-ElYDfsufDF9549bvE14wdwGEuYI="
				}
			}
		},
		"normalize.css": {
			"version": "7.0.0",
			"resolved": "https://registry.npmjs.org/normalize.css/-/normalize.css-7.0.0.tgz",
			"integrity": "sha1-q/sd2CRwZ04DIrU86xqvQSk45L8="
		},
		"optimize-js-plugin": {
			"version": "0.0.4",
			"resolved": "https://registry.npmjs.org/optimize-js-plugin/-/optimize-js-plugin-0.0.4.tgz",
			"integrity": "sha1-aeemfg9mxp9/wMeyXF0zsttsKBc=",
			"dev": true,
			"dependencies": {
				"source-list-map": {
					"version": "0.1.8",
					"resolved": "https://registry.npmjs.org/source-list-map/-/source-list-map-0.1.8.tgz",
					"integrity": "sha1-xVCyq1Qn9rPyH1r+rYjE9Vh7IQY="
				},
				"webpack-sources": {
					"version": "0.1.5",
					"resolved": "https://registry.npmjs.org/webpack-sources/-/webpack-sources-0.1.5.tgz",
					"integrity": "sha1-qh86vw8NdNtxEcQOUAuE+WZkB1A="
				}
			}
		},
		"postcss-load-config": {
			"version": "1.2.0",
			"resolved": "https://registry.npmjs.org/postcss-load-config/-/postcss-load-config-1.2.0.tgz",
			"integrity": "sha1-U56a/J3chiASHr+djDZz4M5Q0oo=",
			"dev": true
		},
		"postcss-loader": {
			"version": "2.0.6",
			"resolved": "https://registry.npmjs.org/postcss-loader/-/postcss-loader-2.0.6.tgz",
			"integrity": "sha512-HIq7yy1hh9KI472Y38iSRV4WupZUNy6zObkxQM/ZuInoaE2+PyX4NcO6jjP5HG5mXL7j5kcNEl0fAG4Kva7O9w==",
			"dev": true,
			"dependencies": {
				"ansi-styles": {
					"version": "3.2.0",
					"resolved": "https://registry.npmjs.org/ansi-styles/-/ansi-styles-3.2.0.tgz",
					"integrity": "sha512-NnSOmMEYtVR2JVMIGTzynRkkaxtiq1xnFBcdQD/DnNCYPoEPsVJhM98BDyaoNOQIi7p4okdi3E27eN7GQbsUug=="
				},
				"chalk": {
					"version": "2.1.0",
					"resolved": "https://registry.npmjs.org/chalk/-/chalk-2.1.0.tgz",
					"integrity": "sha512-LUHGS/dge4ujbXMJrnihYMcL4AoOweGnw9Tp3kQuqy1Kx5c1qKjqvMJZ6nVJPMWJtKCTN72ZogH3oeSO9g9rXQ=="
				},
				"has-flag": {
					"version": "2.0.0",
					"resolved": "https://registry.npmjs.org/has-flag/-/has-flag-2.0.0.tgz",
					"integrity": "sha1-6CB68cx7MNRGzHC3NLXovhj4jVE="
				},
				"postcss": {
					"version": "6.0.9",
					"resolved": "https://registry.npmjs.org/postcss/-/postcss-6.0.9.tgz",
					"integrity": "sha512-bBE2AHNEBhF23TfET6AA/lFP8ah+qHOZoFJEflFG+HgvVLdTmMOrocx/4LVVDIn3w6jUssw1q2Exk1cc9UOI8w=="
				},
				"supports-color": {
					"version": "4.2.1",
					"resolved": "https://registry.npmjs.org/supports-color/-/supports-color-4.2.1.tgz",
					"integrity": "sha512-qxzYsob3yv6U+xMzPrv170y8AwGP7i74g+pbixCfD6rgso8BscLT2qXIuz6TpOaiJZ3mFgT5O9lyT9nMU4LfaA=="
				}
			}
		},
		"postinstall-build": {
			"version": "5.0.3",
			"resolved": "https://registry.npmjs.org/postinstall-build/-/postinstall-build-5.0.3.tgz",
			"integrity": "sha512-vPvPe8TKgp4FLgY3+DfxCE5PIfoXBK2lyLfNCxsRbDsV6vS4oU5RG/IWxrblMn6heagbnMED3MemUQllQ2bQUg==",
			"dev": true
		},
		"raw-loader": {
			"version": "0.5.1",
			"resolved": "https://registry.npmjs.org/raw-loader/-/raw-loader-0.5.1.tgz",
			"integrity": "sha1-DD0L6u2KAclm2Xh793goElKpeao=",
			"dev": true
		},
		"resolve-url-loader": {
			"version": "2.1.0",
			"resolved": "https://registry.npmjs.org/resolve-url-loader/-/resolve-url-loader-2.1.0.tgz",
			"integrity": "sha1-J8lcwWpDU5I/29wtuvXu8iIyxHc=",
			"dev": true,
			"dependencies": {
				"camelcase": {
					"version": "4.1.0",
					"resolved": "https://registry.npmjs.org/camelcase/-/camelcase-4.1.0.tgz",
					"integrity": "sha1-1UVjW+HjPFQmScaRc+Xeas+uNN0="
				}
			}
		},
		"rimraf": {
			"version": "2.6.1",
			"resolved": "https://registry.npmjs.org/rimraf/-/rimraf-2.6.1.tgz",
			"integrity": "sha1-wjOOxkPfeht/5cVPqG9XQopV8z0=",
			"dev": true
		},
		"rxjs": {
			"version": "5.4.3",
			"resolved": "https://registry.npmjs.org/rxjs/-/rxjs-5.4.3.tgz",
			"integrity": "sha512-fSNi+y+P9ss+EZuV0GcIIqPUK07DEaMRUtLJvdcvMyFjc9dizuDjere+A4V7JrLGnm9iCc+nagV/4QdMTkqC4A=="
		},
		"sass-loader": {
			"version": "6.0.6",
			"resolved": "https://registry.npmjs.org/sass-loader/-/sass-loader-6.0.6.tgz",
			"integrity": "sha512-c3/Zc+iW+qqDip6kXPYLEgsAu2lf4xz0EZDplB7EmSUMda12U1sGJPetH55B/j9eu0bTtKzKlNPWWyYC7wFNyQ==",
			"dev": true,
			"dependencies": {
				"pify": {
					"version": "3.0.0",
					"resolved": "https://registry.npmjs.org/pify/-/pify-3.0.0.tgz",
					"integrity": "sha1-5aSs0sEB/fPZpNB/DbxNtJ3SgXY="
				}
			}
		},
		"source-map-loader": {
			"version": "0.2.1",
			"resolved": "https://registry.npmjs.org/source-map-loader/-/source-map-loader-0.2.1.tgz",
			"integrity": "sha1-SBJr6SML1H+tBeRqjDwuPS2r5Qc=",
			"dev": true,
			"dependencies": {
				"async": {
					"version": "0.9.2",
					"resolved": "https://registry.npmjs.org/async/-/async-0.9.2.tgz",
					"integrity": "sha1-rqdNXmHB+JlhO/ZL2mbUx48v0X0="
				},
				"loader-utils": {
					"version": "0.2.17",
					"resolved": "https://registry.npmjs.org/loader-utils/-/loader-utils-0.2.17.tgz",
					"integrity": "sha1-+G5jdNQyBabmxg6RlvF8Apm/s0g="
				},
				"source-map": {
					"version": "0.1.43",
					"resolved": "https://registry.npmjs.org/source-map/-/source-map-0.1.43.tgz",
					"integrity": "sha1-wkvBRspRfBRx9drL4lcbK3+eM0Y="
				}
			}
		},
		"style-loader": {
			"version": "0.18.2",
			"resolved": "https://registry.npmjs.org/style-loader/-/style-loader-0.18.2.tgz",
			"integrity": "sha512-WPpJPZGUxWYHWIUMNNOYqql7zh85zGmr84FdTVWq52WTIkqlW9xSxD3QYWi/T31cqn9UNSsietVEgGn2aaSCzw==",
			"dev": true
		},
		"stylelint-config-standard": {
			"version": "16.0.0",
			"resolved": "https://registry.npmjs.org/stylelint-config-standard/-/stylelint-config-standard-16.0.0.tgz",
			"integrity": "sha1-u3OHv/HX3XGGpSs+v4hbJAXWkb8=",
			"dev": true
		},
		"stylelint-webpack-plugin": {
			"version": "0.7.1",
			"resolved": "https://registry.npmjs.org/stylelint-webpack-plugin/-/stylelint-webpack-plugin-0.7.1.tgz",
			"integrity": "sha512-LEdUXKhspuxoYO13ZUH5N1aCP6tWnVyk0RUoKPt7ITBu9xNZ5NKEsAsx9qwMk1s8TA6/WtP2HbEJOHQof8yDbg==",
			"dev": true
		},
		"to-string-loader": {
			"version": "1.1.5",
			"resolved": "https://registry.npmjs.org/to-string-loader/-/to-string-loader-1.1.5.tgz",
			"integrity": "sha1-e3qheJG3u0lHp6Eb+wO1/enG5pU=",
			"dev": true,
			"dependencies": {
				"loader-utils": {
					"version": "0.2.17",
					"resolved": "https://registry.npmjs.org/loader-utils/-/loader-utils-0.2.17.tgz",
					"integrity": "sha1-+G5jdNQyBabmxg6RlvF8Apm/s0g="
				}
			}
		},
		"ts-loader": {
			"version": "2.3.2",
			"resolved": "https://registry.npmjs.org/ts-loader/-/ts-loader-2.3.2.tgz",
			"integrity": "sha512-KcQvWwla5nviCMX1511iKVsLfrx97Hbah6l5awE1HNL6eiyAzb3gSO8b5yasB6fK/qGukLpu9czWcd/AGGFy/g==",
			"dev": true,
			"dependencies": {
				"ansi-styles": {
					"version": "3.2.0",
					"resolved": "https://registry.npmjs.org/ansi-styles/-/ansi-styles-3.2.0.tgz",
					"integrity": "sha512-NnSOmMEYtVR2JVMIGTzynRkkaxtiq1xnFBcdQD/DnNCYPoEPsVJhM98BDyaoNOQIi7p4okdi3E27eN7GQbsUug=="
				},
				"chalk": {
					"version": "2.1.0",
					"resolved": "https://registry.npmjs.org/chalk/-/chalk-2.1.0.tgz",
					"integrity": "sha512-LUHGS/dge4ujbXMJrnihYMcL4AoOweGnw9Tp3kQuqy1Kx5c1qKjqvMJZ6nVJPMWJtKCTN72ZogH3oeSO9g9rXQ=="
				},
				"has-flag": {
					"version": "2.0.0",
					"resolved": "https://registry.npmjs.org/has-flag/-/has-flag-2.0.0.tgz",
					"integrity": "sha1-6CB68cx7MNRGzHC3NLXovhj4jVE="
				},
				"supports-color": {
					"version": "4.2.1",
					"resolved": "https://registry.npmjs.org/supports-color/-/supports-color-4.2.1.tgz",
					"integrity": "sha512-qxzYsob3yv6U+xMzPrv170y8AwGP7i74g+pbixCfD6rgso8BscLT2qXIuz6TpOaiJZ3mFgT5O9lyT9nMU4LfaA=="
				}
			}
		},
		"tslint": {
			"version": "5.6.0",
			"resolved": "https://registry.npmjs.org/tslint/-/tslint-5.6.0.tgz",
			"integrity": "sha1-CIqmxgJmIzOGULKQCCirPt9Z9s8=",
			"dev": true
		},
		"tslint-loader": {
			"version": "3.5.3",
			"resolved": "https://registry.npmjs.org/tslint-loader/-/tslint-loader-3.5.3.tgz",
			"integrity": "sha1-ND90Ei2U81a2iUV9P1n2SmmrYG8=",
			"dev": true
		},
		"typemoq": {
			"version": "2.1.0",
			"resolved": "https://registry.npmjs.org/typemoq/-/typemoq-2.1.0.tgz",
			"integrity": "sha512-DtRNLb7x8yCTv/KHlwes+NI+aGb4Vl1iPC63Hhtcvk1DpxSAZzKWQv0RQFY0jX2Uqj0SDBNl8Na4e6MV6TNDgw==",
			"dev": true,
			"requires": {
				"circular-json": "^0.3.1",
				"lodash": "^4.17.4",
				"postinstall-build": "^5.0.1"
			}
		},
		"typescript": {
			"version": "2.4.2",
			"resolved": "https://registry.npmjs.org/typescript/-/typescript-2.4.2.tgz",
			"integrity": "sha1-+DlfhdRZJ2BnyYiqQYN6j4KHCEQ=",
			"dev": true
		},
		"url-loader": {
			"version": "0.5.9",
			"resolved": "https://registry.npmjs.org/url-loader/-/url-loader-0.5.9.tgz",
			"integrity": "sha512-B7QYFyvv+fOBqBVeefsxv6koWWtjmHaMFT6KZWti4KRw8YUD/hOU+3AECvXuzyVawIBx3z7zQRejXCDSO5kk1Q==",
			"dev": true
		},
		"webpack": {
			"version": "2.7.0",
			"resolved": "https://registry.npmjs.org/webpack/-/webpack-2.7.0.tgz",
			"integrity": "sha512-MjAA0ZqO1ba7ZQJRnoCdbM56mmFpipOPUv/vQpwwfSI42p5PVDdoiuK2AL2FwFUVgT859Jr43bFZXRg/LNsqvg==",
			"dev": true,
			"dependencies": {
				"acorn": {
					"version": "5.1.1",
					"resolved": "https://registry.npmjs.org/acorn/-/acorn-5.1.1.tgz",
					"integrity": "sha512-vOk6uEMctu0vQrvuSqFdJyqj1Q0S5VTDL79qtjo+DhRr+1mmaD+tluFSCZqhvi/JUhXSzoZN2BhtstaPEeE8cw=="
				},
				"ajv": {
					"version": "4.11.8",
					"resolved": "https://registry.npmjs.org/ajv/-/ajv-4.11.8.tgz",
					"integrity": "sha1-gv+wKynmYq5TvcIK8VlHcGc5xTY="
				},
				"loader-utils": {
					"version": "0.2.17",
					"resolved": "https://registry.npmjs.org/loader-utils/-/loader-utils-0.2.17.tgz",
					"integrity": "sha1-+G5jdNQyBabmxg6RlvF8Apm/s0g="
				},
				"supports-color": {
					"version": "3.2.3",
					"resolved": "https://registry.npmjs.org/supports-color/-/supports-color-3.2.3.tgz",
					"integrity": "sha1-ZawFBLOVQXHYpklGsq48u4pfVPY="
				},
				"uglify-js": {
					"version": "2.8.29",
					"resolved": "https://registry.npmjs.org/uglify-js/-/uglify-js-2.8.29.tgz",
					"integrity": "sha1-KcVzMUgFe7Th913zW3qcty5qWd0=",
					"dependencies": {
						"yargs": {
							"version": "3.10.0",
							"resolved": "https://registry.npmjs.org/yargs/-/yargs-3.10.0.tgz",
							"integrity": "sha1-9+572FfdfB0tOMDnTvvWgdFDH9E="
						}
					}
				},
				"yargs": {
					"version": "6.6.0",
					"resolved": "https://registry.npmjs.org/yargs/-/yargs-6.6.0.tgz",
					"integrity": "sha1-eC7CHvQDNF+DCoCMo9UTr1YGUgg=",
					"dependencies": {
						"camelcase": {
							"version": "3.0.0",
							"resolved": "https://registry.npmjs.org/camelcase/-/camelcase-3.0.0.tgz",
							"integrity": "sha1-MvxLn82vhF/N9+c7uXysImHwqwo="
						},
						"cliui": {
							"version": "3.2.0",
							"resolved": "https://registry.npmjs.org/cliui/-/cliui-3.2.0.tgz",
							"integrity": "sha1-EgYBU3qRbSmUD5NNo7SNWFo5IT0="
						}
					}
				},
				"yargs-parser": {
					"version": "4.2.1",
					"resolved": "https://registry.npmjs.org/yargs-parser/-/yargs-parser-4.2.1.tgz",
					"integrity": "sha1-KczqwNxPA8bIe0qfIX3RjJ90hxw=",
					"dependencies": {
						"camelcase": {
							"version": "3.0.0",
							"resolved": "https://registry.npmjs.org/camelcase/-/camelcase-3.0.0.tgz",
							"integrity": "sha1-MvxLn82vhF/N9+c7uXysImHwqwo="
						}
					}
				}
			}
		},
		"webpack-bundle-analyzer": {
			"version": "2.9.0",
			"resolved": "https://registry.npmjs.org/webpack-bundle-analyzer/-/webpack-bundle-analyzer-2.9.0.tgz",
			"integrity": "sha1-tYvDTMMLJ//brz0AvyerpvopxuM=",
			"dev": true,
			"dependencies": {
				"acorn": {
					"version": "5.1.1",
					"resolved": "https://registry.npmjs.org/acorn/-/acorn-5.1.1.tgz",
					"integrity": "sha512-vOk6uEMctu0vQrvuSqFdJyqj1Q0S5VTDL79qtjo+DhRr+1mmaD+tluFSCZqhvi/JUhXSzoZN2BhtstaPEeE8cw=="
				},
				"safe-buffer": {
					"version": "5.0.1",
					"resolved": "https://registry.npmjs.org/safe-buffer/-/safe-buffer-5.0.1.tgz",
					"integrity": "sha1-0mPKVGls2KMGtcplUekt5XkY++c="
				},
				"ultron": {
					"version": "1.1.0",
					"resolved": "https://registry.npmjs.org/ultron/-/ultron-1.1.0.tgz",
					"integrity": "sha1-sHoualQagV/Go0zNRTO67DB8qGQ="
				},
				"ws": {
					"version": "2.3.1",
					"resolved": "https://registry.npmjs.org/ws/-/ws-2.3.1.tgz",
					"integrity": "sha1-a5Sz5EfLajY/eF6vlK9jWejoHIA="
				}
			}
		},
		"webpack-dev-server": {
			"version": "2.7.1",
			"resolved": "https://registry.npmjs.org/webpack-dev-server/-/webpack-dev-server-2.7.1.tgz",
			"integrity": "sha1-IVgPWgjNBlxxFEz29hw0W8pZqLg=",
			"dev": true,
			"dependencies": {
				"camelcase": {
					"version": "3.0.0",
					"resolved": "https://registry.npmjs.org/camelcase/-/camelcase-3.0.0.tgz",
					"integrity": "sha1-MvxLn82vhF/N9+c7uXysImHwqwo="
				},
				"cliui": {
					"version": "3.2.0",
					"resolved": "https://registry.npmjs.org/cliui/-/cliui-3.2.0.tgz",
					"integrity": "sha1-EgYBU3qRbSmUD5NNo7SNWFo5IT0="
				},
				"del": {
					"version": "3.0.0",
					"resolved": "https://registry.npmjs.org/del/-/del-3.0.0.tgz",
					"integrity": "sha1-U+z2mf/LyzljdpGrE7rxYIGXZuU="
				},
				"pify": {
					"version": "3.0.0",
					"resolved": "https://registry.npmjs.org/pify/-/pify-3.0.0.tgz",
					"integrity": "sha1-5aSs0sEB/fPZpNB/DbxNtJ3SgXY="
				},
				"supports-color": {
					"version": "3.2.3",
					"resolved": "https://registry.npmjs.org/supports-color/-/supports-color-3.2.3.tgz",
					"integrity": "sha1-ZawFBLOVQXHYpklGsq48u4pfVPY="
				},
				"yargs": {
					"version": "6.6.0",
					"resolved": "https://registry.npmjs.org/yargs/-/yargs-6.6.0.tgz",
					"integrity": "sha1-eC7CHvQDNF+DCoCMo9UTr1YGUgg="
				},
				"yargs-parser": {
					"version": "4.2.1",
					"resolved": "https://registry.npmjs.org/yargs-parser/-/yargs-parser-4.2.1.tgz",
					"integrity": "sha1-KczqwNxPA8bIe0qfIX3RjJ90hxw="
				}
			}
		},
		"webpack-merge": {
			"version": "4.1.0",
			"resolved": "https://registry.npmjs.org/webpack-merge/-/webpack-merge-4.1.0.tgz",
			"integrity": "sha1-atciI7PguDflMeRZfBmfkJNhUR4=",
			"dev": true
		},
		"zone.js": {
			"version": "0.8.16",
			"resolved": "https://registry.npmjs.org/zone.js/-/zone.js-0.8.16.tgz",
			"integrity": "sha1-rDG2xBj4jA+Ritas2KQCrKkxOrs="
		}
	}
}
